
Microsoft Visual Studio Solution File, Format Version 12.00
# Visual Studio 15
VisualStudioVersion = 15.0.26124.0
MinimumVisualStudioVersion = 15.0.26124.0
Project("{2150E333-8FDC-42A3-9474-1A3956D46DE8}") = "Users", "Users", "{B234F914-9CB2-4F46-9863-59E3E4AC3887}"
EndProject
Project("{2150E333-8FDC-42A3-9474-1A3956D46DE8}") = "Contacts", "Contacts", "{1524DA11-F818-4DB6-AEFF-EEDCAA493E90}"
EndProject
Project("{FAE04EC0-301F-11D3-BF4B-00C04F79EFBC}") = "Contact.Manager.Contacts.Api", "Contacts\Contact.Manager.Contacts.Api\Contact.Manager.Contacts.Api.csproj", "{22A06009-D592-4CB2-A7EC-287ADC58D034}"
EndProject
Project("{FAE04EC0-301F-11D3-BF4B-00C04F79EFBC}") = "Contact.Manager.Contacts.Application", "Contacts\Contact.Manager.Contacts.Application\Contact.Manager.Contacts.Application.csproj", "{D639FA2B-2008-4299-8C25-2995D3F5D57E}"
EndProject
Project("{FAE04EC0-301F-11D3-BF4B-00C04F79EFBC}") = "Contact.Manager.Contacts.Domain", "Contacts\Contact.Manager.Contacts.Domain\Contact.Manager.Contacts.Domain.csproj", "{9E7C4F76-E97E-4297-AB99-BF4EFFCEF784}"
EndProject
Project("{FAE04EC0-301F-11D3-BF4B-00C04F79EFBC}") = "Contact.Manager.Contacts.Infrastructure", "Contacts\Contact.Manager.Contacts.Infrastructure\Contact.Manager.Contacts.Infrastructure.csproj", "{3E76098F-4BD1-49D9-90BC-32B368140C3B}"
EndProject
Project("{2150E333-8FDC-42A3-9474-1A3956D46DE8}") = "Framework", "Framework", "{093E0B54-4079-47C4-AE19-B05D15C8D758}"
EndProject
Project("{FAE04EC0-301F-11D3-BF4B-00C04F79EFBC}") = "Contact.Manager.Framework", "Framework\Contact.Manager.Framework\Contact.Manager.Framework.csproj", "{8EEFC416-79A8-40AA-A94D-1D9C7FA305EC}"
EndProject
Project("{FAE04EC0-301F-11D3-BF4B-00C04F79EFBC}") = "Contact.Manager.Users", "Users\Contact.Manager.Users\Contact.Manager.Users.csproj", "{D8CC7F62-CF78-4100-B326-95190726E78E}"
EndProject
Global
	GlobalSection(SolutionConfigurationPlatforms) = preSolution
		Debug|Any CPU = Debug|Any CPU
		Debug|x64 = Debug|x64
		Debug|x86 = Debug|x86
		Release|Any CPU = Release|Any CPU
		Release|x64 = Release|x64
		Release|x86 = Release|x86
	EndGlobalSection
	GlobalSection(SolutionProperties) = preSolution
		HideSolutionNode = FALSE
	EndGlobalSection
	GlobalSection(ProjectConfigurationPlatforms) = postSolution
		{22A06009-D592-4CB2-A7EC-287ADC58D034}.Debug|Any CPU.ActiveCfg = Debug|Any CPU
		{22A06009-D592-4CB2-A7EC-287ADC58D034}.Debug|Any CPU.Build.0 = Debug|Any CPU
		{22A06009-D592-4CB2-A7EC-287ADC58D034}.Debug|x64.ActiveCfg = Debug|Any CPU
		{22A06009-D592-4CB2-A7EC-287ADC58D034}.Debug|x64.Build.0 = Debug|Any CPU
		{22A06009-D592-4CB2-A7EC-287ADC58D034}.Debug|x86.ActiveCfg = Debug|Any CPU
		{22A06009-D592-4CB2-A7EC-287ADC58D034}.Debug|x86.Build.0 = Debug|Any CPU
		{22A06009-D592-4CB2-A7EC-287ADC58D034}.Release|Any CPU.ActiveCfg = Release|Any CPU
		{22A06009-D592-4CB2-A7EC-287ADC58D034}.Release|Any CPU.Build.0 = Release|Any CPU
		{22A06009-D592-4CB2-A7EC-287ADC58D034}.Release|x64.ActiveCfg = Release|Any CPU
		{22A06009-D592-4CB2-A7EC-287ADC58D034}.Release|x64.Build.0 = Release|Any CPU
		{22A06009-D592-4CB2-A7EC-287ADC58D034}.Release|x86.ActiveCfg = Release|Any CPU
		{22A06009-D592-4CB2-A7EC-287ADC58D034}.Release|x86.Build.0 = Release|Any CPU
		{D639FA2B-2008-4299-8C25-2995D3F5D57E}.Debug|Any CPU.ActiveCfg = Debug|Any CPU
		{D639FA2B-2008-4299-8C25-2995D3F5D57E}.Debug|Any CPU.Build.0 = Debug|Any CPU
		{D639FA2B-2008-4299-8C25-2995D3F5D57E}.Debug|x64.ActiveCfg = Debug|Any CPU
		{D639FA2B-2008-4299-8C25-2995D3F5D57E}.Debug|x64.Build.0 = Debug|Any CPU
		{D639FA2B-2008-4299-8C25-2995D3F5D57E}.Debug|x86.ActiveCfg = Debug|Any CPU
		{D639FA2B-2008-4299-8C25-2995D3F5D57E}.Debug|x86.Build.0 = Debug|Any CPU
		{D639FA2B-2008-4299-8C25-2995D3F5D57E}.Release|Any CPU.ActiveCfg = Release|Any CPU
		{D639FA2B-2008-4299-8C25-2995D3F5D57E}.Release|Any CPU.Build.0 = Release|Any CPU
		{D639FA2B-2008-4299-8C25-2995D3F5D57E}.Release|x64.ActiveCfg = Release|Any CPU
		{D639FA2B-2008-4299-8C25-2995D3F5D57E}.Release|x64.Build.0 = Release|Any CPU
		{D639FA2B-2008-4299-8C25-2995D3F5D57E}.Release|x86.ActiveCfg = Release|Any CPU
		{D639FA2B-2008-4299-8C25-2995D3F5D57E}.Release|x86.Build.0 = Release|Any CPU
		{9E7C4F76-E97E-4297-AB99-BF4EFFCEF784}.Debug|Any CPU.ActiveCfg = Debug|Any CPU
		{9E7C4F76-E97E-4297-AB99-BF4EFFCEF784}.Debug|Any CPU.Build.0 = Debug|Any CPU
		{9E7C4F76-E97E-4297-AB99-BF4EFFCEF784}.Debug|x64.ActiveCfg = Debug|Any CPU
		{9E7C4F76-E97E-4297-AB99-BF4EFFCEF784}.Debug|x64.Build.0 = Debug|Any CPU
		{9E7C4F76-E97E-4297-AB99-BF4EFFCEF784}.Debug|x86.ActiveCfg = Debug|Any CPU
		{9E7C4F76-E97E-4297-AB99-BF4EFFCEF784}.Debug|x86.Build.0 = Debug|Any CPU
		{9E7C4F76-E97E-4297-AB99-BF4EFFCEF784}.Release|Any CPU.ActiveCfg = Release|Any CPU
		{9E7C4F76-E97E-4297-AB99-BF4EFFCEF784}.Release|Any CPU.Build.0 = Release|Any CPU
		{9E7C4F76-E97E-4297-AB99-BF4EFFCEF784}.Release|x64.ActiveCfg = Release|Any CPU
		{9E7C4F76-E97E-4297-AB99-BF4EFFCEF784}.Release|x64.Build.0 = Release|Any CPU
		{9E7C4F76-E97E-4297-AB99-BF4EFFCEF784}.Release|x86.ActiveCfg = Release|Any CPU
		{9E7C4F76-E97E-4297-AB99-BF4EFFCEF784}.Release|x86.Build.0 = Release|Any CPU
		{3E76098F-4BD1-49D9-90BC-32B368140C3B}.Debug|Any CPU.ActiveCfg = Debug|Any CPU
		{3E76098F-4BD1-49D9-90BC-32B368140C3B}.Debug|Any CPU.Build.0 = Debug|Any CPU
		{3E76098F-4BD1-49D9-90BC-32B368140C3B}.Debug|x64.ActiveCfg = Debug|Any CPU
		{3E76098F-4BD1-49D9-90BC-32B368140C3B}.Debug|x64.Build.0 = Debug|Any CPU
		{3E76098F-4BD1-49D9-90BC-32B368140C3B}.Debug|x86.ActiveCfg = Debug|Any CPU
		{3E76098F-4BD1-49D9-90BC-32B368140C3B}.Debug|x86.Build.0 = Debug|Any CPU
		{3E76098F-4BD1-49D9-90BC-32B368140C3B}.Release|Any CPU.ActiveCfg = Release|Any CPU
		{3E76098F-4BD1-49D9-90BC-32B368140C3B}.Release|Any CPU.Build.0 = Release|Any CPU
		{3E76098F-4BD1-49D9-90BC-32B368140C3B}.Release|x64.ActiveCfg = Release|Any CPU
		{3E76098F-4BD1-49D9-90BC-32B368140C3B}.Release|x64.Build.0 = Release|Any CPU
		{3E76098F-4BD1-49D9-90BC-32B368140C3B}.Release|x86.ActiveCfg = Release|Any CPU
		{3E76098F-4BD1-49D9-90BC-32B368140C3B}.Release|x86.Build.0 = Release|Any CPU
		{8EEFC416-79A8-40AA-A94D-1D9C7FA305EC}.Debug|Any CPU.ActiveCfg = Debug|Any CPU
		{8EEFC416-79A8-40AA-A94D-1D9C7FA305EC}.Debug|Any CPU.Build.0 = Debug|Any CPU
		{8EEFC416-79A8-40AA-A94D-1D9C7FA305EC}.Debug|x64.ActiveCfg = Debug|Any CPU
		{8EEFC416-79A8-40AA-A94D-1D9C7FA305EC}.Debug|x64.Build.0 = Debug|Any CPU
		{8EEFC416-79A8-40AA-A94D-1D9C7FA305EC}.Debug|x86.ActiveCfg = Debug|Any CPU
		{8EEFC416-79A8-40AA-A94D-1D9C7FA305EC}.Debug|x86.Build.0 = Debug|Any CPU
		{8EEFC416-79A8-40AA-A94D-1D9C7FA305EC}.Release|Any CPU.ActiveCfg = Release|Any CPU
		{8EEFC416-79A8-40AA-A94D-1D9C7FA305EC}.Release|Any CPU.Build.0 = Release|Any CPU
		{8EEFC416-79A8-40AA-A94D-1D9C7FA305EC}.Release|x64.ActiveCfg = Release|Any CPU
		{8EEFC416-79A8-40AA-A94D-1D9C7FA305EC}.Release|x64.Build.0 = Release|Any CPU
		{8EEFC416-79A8-40AA-A94D-1D9C7FA305EC}.Release|x86.ActiveCfg = Release|Any CPU
		{8EEFC416-79A8-40AA-A94D-1D9C7FA305EC}.Release|x86.Build.0 = Release|Any CPU
		{D8CC7F62-CF78-4100-B326-95190726E78E}.Debug|Any CPU.ActiveCfg = Debug|Any CPU
		{D8CC7F62-CF78-4100-B326-95190726E78E}.Debug|Any CPU.Build.0 = Debug|Any CPU
		{D8CC7F62-CF78-4100-B326-95190726E78E}.Debug|x64.ActiveCfg = Debug|Any CPU
		{D8CC7F62-CF78-4100-B326-95190726E78E}.Debug|x64.Build.0 = Debug|Any CPU
		{D8CC7F62-CF78-4100-B326-95190726E78E}.Debug|x86.ActiveCfg = Debug|Any CPU
		{D8CC7F62-CF78-4100-B326-95190726E78E}.Debug|x86.Build.0 = Debug|Any CPU
		{D8CC7F62-CF78-4100-B326-95190726E78E}.Release|Any CPU.ActiveCfg = Release|Any CPU
		{D8CC7F62-CF78-4100-B326-95190726E78E}.Release|Any CPU.Build.0 = Release|Any CPU
		{D8CC7F62-CF78-4100-B326-95190726E78E}.Release|x64.ActiveCfg = Release|Any CPU
		{D8CC7F62-CF78-4100-B326-95190726E78E}.Release|x64.Build.0 = Release|Any CPU
		{D8CC7F62-CF78-4100-B326-95190726E78E}.Release|x86.ActiveCfg = Release|Any CPU
		{D8CC7F62-CF78-4100-B326-95190726E78E}.Release|x86.Build.0 = Release|Any CPU
	EndGlobalSection
	GlobalSection(NestedProjects) = preSolution
		{22A06009-D592-4CB2-A7EC-287ADC58D034} = {1524DA11-F818-4DB6-AEFF-EEDCAA493E90}
		{D639FA2B-2008-4299-8C25-2995D3F5D57E} = {1524DA11-F818-4DB6-AEFF-EEDCAA493E90}
		{9E7C4F76-E97E-4297-AB99-BF4EFFCEF784} = {1524DA11-F818-4DB6-AEFF-EEDCAA493E90}
		{3E76098F-4BD1-49D9-90BC-32B368140C3B} = {1524DA11-F818-4DB6-AEFF-EEDCAA493E90}
		{8EEFC416-79A8-40AA-A94D-1D9C7FA305EC} = {093E0B54-4079-47C4-AE19-B05D15C8D758}
		{D8CC7F62-CF78-4100-B326-95190726E78E} = {B234F914-9CB2-4F46-9863-59E3E4AC3887}
	EndGlobalSection
EndGlobal
